
Microsoft Visual Studio Solution File, Format Version 12.00
# Visual Studio 15
VisualStudioVersion = 15.0.27004.2002
MinimumVisualStudioVersion = 10.0.40219.1
Project("{FAE04EC0-301F-11D3-BF4B-00C04F79EFBC}") = "SingleDocumentInterface", "SingleDocumentInterface.csproj", "{DD67FFB9-F538-44CB-BB2C-388753906828}"
EndProject
Project("{FAE04EC0-301F-11D3-BF4B-00C04F79EFBC}") = "CoreLibrary", "CoreLibrary\CoreLibrary.csproj", "{F4E15C18-5A39-49DB-B07C-B08D22F31B6A}"
EndProject
Project("{FAE04EC0-301F-11D3-BF4B-00C04F79EFBC}") = "MultiSDI", "MultiSDI\MultiSDI.csproj", "{374C2616-9389-410C-90DB-9EBC3C1358C4}"
EndProject
Global
	GlobalSection(SolutionConfigurationPlatforms) = preSolution
		Debug|Any CPU = Debug|Any CPU
		Release|Any CPU = Release|Any CPU
	EndGlobalSection
	GlobalSection(ProjectConfigurationPlatforms) = postSolution
		{DD67FFB9-F538-44CB-BB2C-388753906828}.Debug|Any CPU.ActiveCfg = Debug|Any CPU
		{DD67FFB9-F538-44CB-BB2C-388753906828}.Debug|Any CPU.Build.0 = Debug|Any CPU
		{DD67FFB9-F538-44CB-BB2C-388753906828}.Release|Any CPU.ActiveCfg = Release|Any CPU
		{DD67FFB9-F538-44CB-BB2C-388753906828}.Release|Any CPU.Build.0 = Release|Any CPU
		{F4E15C18-5A39-49DB-B07C-B08D22F31B6A}.Debug|Any CPU.ActiveCfg = Debug|Any CPU
		{F4E15C18-5A39-49DB-B07C-B08D22F31B6A}.Debug|Any CPU.Build.0 = Debug|Any CPU
		{F4E15C18-5A39-49DB-B07C-B08D22F31B6A}.Release|Any CPU.ActiveCfg = Release|Any CPU
		{F4E15C18-5A39-49DB-B07C-B08D22F31B6A}.Release|Any CPU.Build.0 = Release|Any CPU
		{374C2616-9389-410C-90DB-9EBC3C1358C4}.Debug|Any CPU.ActiveCfg = Debug|Any CPU
		{374C2616-9389-410C-90DB-9EBC3C1358C4}.Debug|Any CPU.Build.0 = Debug|Any CPU
		{374C2616-9389-410C-90DB-9EBC3C1358C4}.Release|Any CPU.ActiveCfg = Release|Any CPU
		{374C2616-9389-410C-90DB-9EBC3C1358C4}.Release|Any CPU.Build.0 = Release|Any CPU
	EndGlobalSection
	GlobalSection(SolutionProperties) = preSolution
		HideSolutionNode = FALSE
	EndGlobalSection
	GlobalSection(ExtensibilityGlobals) = postSolution
		SolutionGuid = {986FB0CA-6D31-457F-A050-C7025E5C8DFB}
	EndGlobalSection
EndGlobal
